# Generated by buf. DO NOT EDIT.
version: v2
deps:
  - name: buf.build/cosmos/gogo-proto
    commit: 88ef6483f90f478fb938c37dde52ece3
    digest: b5:f0c69202c9bca9672dc72a9737ea9bc83744daaed2b3da77e3a95b0e53b86dee76b5a7405b993181d6c863fd64afaca0976a302f700d6c4912eb1692a1782c0a
  - name: buf.build/tendermint/tendermint
    commit: 6dac0b3364f541edb76be851c1525d8e
    digest: b5:72e7b167e6a474c8ed7763e3fc811d756d48dd0e70d897c1d3b661656aa4ad3cf2adabadf1fa9a8fd644567678a1acd27bec139895b0469258cfa4c3ebae7aab
